
Microsoft Visual Studio Solution File, Format Version 12.00
# Visual Studio 2012
Project("{FAE04EC0-301F-11D3-BF4B-00C04F79EFBC}") = "Topshelf.Linux", "Topshelf.Linux\Topshelf.Linux.csproj", "{DD8E260D-DFCB-4DC3-8DEB-B1B4041A6FEC}"
EndProject
Global
	GlobalSection(SolutionConfigurationPlatforms) = preSolution
		Debug|Any CPU = Debug|Any CPU
		Release|Any CPU = Release|Any CPU
	EndGlobalSection
	GlobalSection(ProjectConfigurationPlatforms) = postSolution
		{DD8E260D-DFCB-4DC3-8DEB-B1B4041A6FEC}.Debug|Any CPU.ActiveCfg = Debug|Any CPU
		{DD8E260D-DFCB-4DC3-8DEB-B1B4041A6FEC}.Debug|Any CPU.Build.0 = Debug|Any CPU
		{DD8E260D-DFCB-4DC3-8DEB-B1B4041A6FEC}.Release|Any CPU.ActiveCfg = Release|Any CPU
		{DD8E260D-DFCB-4DC3-8DEB-B1B4041A6FEC}.Release|Any CPU.Build.0 = Release|Any CPU
	EndGlobalSection
	GlobalSection(SolutionProperties) = preSolution
		HideSolutionNode = FALSE
	EndGlobalSection
EndGlobal
